
Microsoft Visual Studio Solution File, Format Version 12.00
# Visual Studio Version 17
VisualStudioVersion = 17.1.32210.238
MinimumVisualStudioVersion = 10.0.40219.1
Project("{FAE04EC0-301F-11D3-BF4B-00C04F79EFBC}") = "Calculator", "Calculator\Calculator.csproj", "{ACE5A50D-A1AE-4B6A-901A-211E674C3D1D}"
EndProject
Global
	GlobalSection(SolutionConfigurationPlatforms) = preSolution
		Debug|Any CPU = Debug|Any CPU
		Release|Any CPU = Release|Any CPU
	EndGlobalSection
	GlobalSection(ProjectConfigurationPlatforms) = postSolution
		{ACE5A50D-A1AE-4B6A-901A-211E674C3D1D}.Debug|Any CPU.ActiveCfg = Debug|Any CPU
		{ACE5A50D-A1AE-4B6A-901A-211E674C3D1D}.Debug|Any CPU.Build.0 = Debug|Any CPU
		{ACE5A50D-A1AE-4B6A-901A-211E674C3D1D}.Release|Any CPU.ActiveCfg = Release|Any CPU
		{ACE5A50D-A1AE-4B6A-901A-211E674C3D1D}.Release|Any CPU.Build.0 = Release|Any CPU
	EndGlobalSection
	GlobalSection(SolutionProperties) = preSolution
		HideSolutionNode = FALSE
	EndGlobalSection
	GlobalSection(ExtensibilityGlobals) = postSolution
		SolutionGuid = {AB3D2E23-9F4D-43BF-BDDC-741688E6266F}
	EndGlobalSection
EndGlobal
